
Microsoft Visual Studio Solution File, Format Version 12.00
# Visual Studio Version 17
VisualStudioVersion = 17.6.33829.357
MinimumVisualStudioVersion = 10.0.40219.1
Project("{9A19103F-16F7-4668-BE54-9A1E7A4F7556}") = "EatEaze.WebApplicationAPI", "EatEaze.WebApplicationAPI\EatEaze.WebApplicationAPI.csproj", "{E6DCAA5D-7572-4A8E-B5E6-FB3249A7E50D}"
EndProject
Project("{9A19103F-16F7-4668-BE54-9A1E7A4F7556}") = "EatEaze.Data", "EatEaze.Data\EatEaze.Data.csproj", "{318F3604-2596-4BCA-A5F7-941F3A95F3F0}"
EndProject
Project("{2150E333-8FDC-42A3-9474-1A3956D46DE8}") = "docker-compose", "docker-compose", "{62FCEB43-4FDD-477A-925E-9A7190626E6A}"
	ProjectSection(SolutionItems) = preProject
		docker-compose.yml = docker-compose.yml
	EndProjectSection
EndProject
Project("{9A19103F-16F7-4668-BE54-9A1E7A4F7556}") = "EatEaze.Tests", "EatEaze.Tests\EatEaze.Tests.csproj", "{CCF21419-3F3E-40BC-8395-93E883EC5736}"
EndProject
Project("{9A19103F-16F7-4668-BE54-9A1E7A4F7556}") = "EatEaze.Services", "EatEazeServices\EatEaze.Services.csproj", "{5F8F0C1A-4657-49DF-9F48-AC16AAF1EA16}"
EndProject
Project("{9A19103F-16F7-4668-BE54-9A1E7A4F7556}") = "EatEaze", "EatEaze\EatEaze.csproj", "{30B356F2-B82C-497C-B192-A44F8E093ED2}"
EndProject
Project("{FAE04EC0-301F-11D3-BF4B-00C04F79EFBC}") = "EatEaze.AdminApplication", "EatEaze.AdminApplication\EatEaze.AdminApplication.csproj", "{F62B2F6B-F3FB-44CF-A036-52C774798338}"
EndProject
Global
	GlobalSection(SolutionConfigurationPlatforms) = preSolution
		Debug|Any CPU = Debug|Any CPU
		Release|Any CPU = Release|Any CPU
	EndGlobalSection
	GlobalSection(ProjectConfigurationPlatforms) = postSolution
		{E6DCAA5D-7572-4A8E-B5E6-FB3249A7E50D}.Debug|Any CPU.ActiveCfg = Debug|Any CPU
		{E6DCAA5D-7572-4A8E-B5E6-FB3249A7E50D}.Debug|Any CPU.Build.0 = Debug|Any CPU
		{E6DCAA5D-7572-4A8E-B5E6-FB3249A7E50D}.Release|Any CPU.ActiveCfg = Release|Any CPU
		{E6DCAA5D-7572-4A8E-B5E6-FB3249A7E50D}.Release|Any CPU.Build.0 = Release|Any CPU
		{318F3604-2596-4BCA-A5F7-941F3A95F3F0}.Debug|Any CPU.ActiveCfg = Debug|Any CPU
		{318F3604-2596-4BCA-A5F7-941F3A95F3F0}.Debug|Any CPU.Build.0 = Debug|Any CPU
		{318F3604-2596-4BCA-A5F7-941F3A95F3F0}.Release|Any CPU.ActiveCfg = Release|Any CPU
		{318F3604-2596-4BCA-A5F7-941F3A95F3F0}.Release|Any CPU.Build.0 = Release|Any CPU
		{CCF21419-3F3E-40BC-8395-93E883EC5736}.Debug|Any CPU.ActiveCfg = Debug|Any CPU
		{CCF21419-3F3E-40BC-8395-93E883EC5736}.Debug|Any CPU.Build.0 = Debug|Any CPU
		{CCF21419-3F3E-40BC-8395-93E883EC5736}.Release|Any CPU.ActiveCfg = Release|Any CPU
		{CCF21419-3F3E-40BC-8395-93E883EC5736}.Release|Any CPU.Build.0 = Release|Any CPU
		{5F8F0C1A-4657-49DF-9F48-AC16AAF1EA16}.Debug|Any CPU.ActiveCfg = Debug|Any CPU
		{5F8F0C1A-4657-49DF-9F48-AC16AAF1EA16}.Debug|Any CPU.Build.0 = Debug|Any CPU
		{5F8F0C1A-4657-49DF-9F48-AC16AAF1EA16}.Release|Any CPU.ActiveCfg = Release|Any CPU
		{5F8F0C1A-4657-49DF-9F48-AC16AAF1EA16}.Release|Any CPU.Build.0 = Release|Any CPU
		{30B356F2-B82C-497C-B192-A44F8E093ED2}.Debug|Any CPU.ActiveCfg = Debug|Any CPU
		{30B356F2-B82C-497C-B192-A44F8E093ED2}.Debug|Any CPU.Build.0 = Debug|Any CPU
		{30B356F2-B82C-497C-B192-A44F8E093ED2}.Release|Any CPU.ActiveCfg = Release|Any CPU
		{30B356F2-B82C-497C-B192-A44F8E093ED2}.Release|Any CPU.Build.0 = Release|Any CPU
		{F62B2F6B-F3FB-44CF-A036-52C774798338}.Debug|Any CPU.ActiveCfg = Debug|Any CPU
		{F62B2F6B-F3FB-44CF-A036-52C774798338}.Debug|Any CPU.Build.0 = Debug|Any CPU
		{F62B2F6B-F3FB-44CF-A036-52C774798338}.Release|Any CPU.ActiveCfg = Release|Any CPU
		{F62B2F6B-F3FB-44CF-A036-52C774798338}.Release|Any CPU.Build.0 = Release|Any CPU
	EndGlobalSection
	GlobalSection(SolutionProperties) = preSolution
		HideSolutionNode = FALSE
	EndGlobalSection
	GlobalSection(ExtensibilityGlobals) = postSolution
		SolutionGuid = {0918EF2F-9F7D-4846-ADAB-4FAF32400AAC}
	EndGlobalSection
EndGlobal
